
Microsoft Visual Studio Solution File, Format Version 12.00
# Visual Studio Version 16
VisualStudioVersion = 16.0.30709.132
MinimumVisualStudioVersion = 10.0.40219.1
Project("{FAE04EC0-301F-11D3-BF4B-00C04F79EFBC}") = "FitnessTracker", "FitnessTracker\FitnessTracker.csproj", "{48C3AFD2-B13A-46E0-9671-00B74F735BD5}"
EndProject
Project("{FAE04EC0-301F-11D3-BF4B-00C04F79EFBC}") = "FitnessTracker.Data", "FitnessTracker.Data\FitnessTracker.Data.csproj", "{658AED1D-862E-460F-B0AB-14A18FA48480}"
EndProject
Project("{FAE04EC0-301F-11D3-BF4B-00C04F79EFBC}") = "FitnessTracker.Models", "FitnessTracker.Models\FitnessTracker.Models.csproj", "{F5BAF13F-2349-41E2-8CE6-F48FEE17D0A3}"
EndProject
Project("{FAE04EC0-301F-11D3-BF4B-00C04F79EFBC}") = "FitnessTracker.Services", "FitnessTracker.Services\FitnessTracker.Services.csproj", "{05F266BB-BCB6-4DED-A626-9B3D13FF19ED}"
EndProject
Global
	GlobalSection(SolutionConfigurationPlatforms) = preSolution
		Debug|Any CPU = Debug|Any CPU
		Release|Any CPU = Release|Any CPU
	EndGlobalSection
	GlobalSection(ProjectConfigurationPlatforms) = postSolution
		{48C3AFD2-B13A-46E0-9671-00B74F735BD5}.Debug|Any CPU.ActiveCfg = Debug|Any CPU
		{48C3AFD2-B13A-46E0-9671-00B74F735BD5}.Debug|Any CPU.Build.0 = Debug|Any CPU
		{48C3AFD2-B13A-46E0-9671-00B74F735BD5}.Release|Any CPU.ActiveCfg = Release|Any CPU
		{48C3AFD2-B13A-46E0-9671-00B74F735BD5}.Release|Any CPU.Build.0 = Release|Any CPU
		{658AED1D-862E-460F-B0AB-14A18FA48480}.Debug|Any CPU.ActiveCfg = Debug|Any CPU
		{658AED1D-862E-460F-B0AB-14A18FA48480}.Debug|Any CPU.Build.0 = Debug|Any CPU
		{658AED1D-862E-460F-B0AB-14A18FA48480}.Release|Any CPU.ActiveCfg = Release|Any CPU
		{658AED1D-862E-460F-B0AB-14A18FA48480}.Release|Any CPU.Build.0 = Release|Any CPU
		{F5BAF13F-2349-41E2-8CE6-F48FEE17D0A3}.Debug|Any CPU.ActiveCfg = Debug|Any CPU
		{F5BAF13F-2349-41E2-8CE6-F48FEE17D0A3}.Debug|Any CPU.Build.0 = Debug|Any CPU
		{F5BAF13F-2349-41E2-8CE6-F48FEE17D0A3}.Release|Any CPU.ActiveCfg = Release|Any CPU
		{F5BAF13F-2349-41E2-8CE6-F48FEE17D0A3}.Release|Any CPU.Build.0 = Release|Any CPU
		{05F266BB-BCB6-4DED-A626-9B3D13FF19ED}.Debug|Any CPU.ActiveCfg = Debug|Any CPU
		{05F266BB-BCB6-4DED-A626-9B3D13FF19ED}.Debug|Any CPU.Build.0 = Debug|Any CPU
		{05F266BB-BCB6-4DED-A626-9B3D13FF19ED}.Release|Any CPU.ActiveCfg = Release|Any CPU
		{05F266BB-BCB6-4DED-A626-9B3D13FF19ED}.Release|Any CPU.Build.0 = Release|Any CPU
	EndGlobalSection
	GlobalSection(SolutionProperties) = preSolution
		HideSolutionNode = FALSE
	EndGlobalSection
	GlobalSection(ExtensibilityGlobals) = postSolution
		SolutionGuid = {F2C6A704-1BFF-402A-A395-6B5F5E804A72}
	EndGlobalSection
EndGlobal
